lockfileVersion: 5.4

specifiers:
  postgres: porsager/postgres

dependencies:
  postgres: github.com/porsager/postgres/9a61b9fcec2f4d21d1c6c4e14c73d88010a28406

packages:

  github.com/porsager/postgres/9a61b9fcec2f4d21d1c6c4e14c73d88010a28406:
    resolution: {tarball: https://codeload.github.com/porsager/postgres/tar.gz/9a61b9fcec2f4d21d1c6c4e14c73d88010a28406}
    name: postgres
    version: 3.2.4
    prepare: true
    requiresBuild: true
    dev: false
